
Microsoft Visual Studio Solution File, Format Version 12.00
# Visual Studio Version 17
VisualStudioVersion = 17.14.36511.14
MinimumVisualStudioVersion = 10.0.40219.1
Project("{FAE04EC0-301F-11D3-BF4B-00C04F79EFBC}") = "iTsoftNex.IdentityService", "iTsoftNex.IdentityService\iTsoftNex.IdentityService.csproj", "{53F537A7-77F7-473F-ACAA-61067160A357}"
EndProject
Project("{FAE04EC0-301F-11D3-BF4B-00C04F79EFBC}") = "iTsoftNex.InventoryService", "iTsoftNex.InventoryService\iTsoftNex.InventoryService.csproj", "{C1CF4535-F69D-4E9D-A7D4-1CB4EB6BCA97}"
EndProject
Global
	GlobalSection(SolutionConfigurationPlatforms) = preSolution
		Debug|Any CPU = Debug|Any CPU
		Release|Any CPU = Release|Any CPU
	EndGlobalSection
	GlobalSection(ProjectConfigurationPlatforms) = postSolution
		{53F537A7-77F7-473F-ACAA-61067160A357}.Debug|Any CPU.ActiveCfg = Debug|Any CPU
		{53F537A7-77F7-473F-ACAA-61067160A357}.Debug|Any CPU.Build.0 = Debug|Any CPU
		{53F537A7-77F7-473F-ACAA-61067160A357}.Release|Any CPU.ActiveCfg = Release|Any CPU
		{53F537A7-77F7-473F-ACAA-61067160A357}.Release|Any CPU.Build.0 = Release|Any CPU
		{C1CF4535-F69D-4E9D-A7D4-1CB4EB6BCA97}.Debug|Any CPU.ActiveCfg = Debug|Any CPU
		{C1CF4535-F69D-4E9D-A7D4-1CB4EB6BCA97}.Debug|Any CPU.Build.0 = Debug|Any CPU
		{C1CF4535-F69D-4E9D-A7D4-1CB4EB6BCA97}.Release|Any CPU.ActiveCfg = Release|Any CPU
		{C1CF4535-F69D-4E9D-A7D4-1CB4EB6BCA97}.Release|Any CPU.Build.0 = Release|Any CPU
	EndGlobalSection
	GlobalSection(SolutionProperties) = preSolution
		HideSolutionNode = FALSE
	EndGlobalSection
	GlobalSection(ExtensibilityGlobals) = postSolution
		SolutionGuid = {28F617E9-8D5A-4302-AA37-2E931EAF6381}
	EndGlobalSection
EndGlobal
